Microsoft Visual Studio Solution File, Format Version 11.00
# Visual Studio 2008

Project("{CAB03093-CF0F-E11A-FF15-9BA2E71F3E0B}") = "RealisticPerspective", "Assembly-CSharp-firstpass.csproj", "{F6A15CC0-096E-26D1-EA5C-87C512EAD4CE}"
EndProject
Project("{CAB03093-CF0F-E11A-FF15-9BA2E71F3E0B}") = "RealisticPerspective", "Assembly-UnityScript-firstpass.unityproj", "{7D4346AC-DD53-1ACF-EFC6-B88F824BCC0A}"
EndProject
Project("{CAB03093-CF0F-E11A-FF15-9BA2E71F3E0B}") = "RealisticPerspective", "Assembly-UnityScript.unityproj", "{09B95F96-C4B6-FCD4-5C8E-ABAB7FD14FCB}"
EndProject
Global
	GlobalSection(SolutionConfigurationPlatforms) = preSolution
		Debug|Any CPU = Debug|Any CPU
		Release|Any CPU = Release|Any CPU
	EndGlobalSection
	GlobalSection(ProjectConfigurationPlatforms) = postSolution
		{F6A15CC0-096E-26D1-EA5C-87C512EAD4CE}.Debug|Any CPU.ActiveCfg = Debug|Any CPU
		{F6A15CC0-096E-26D1-EA5C-87C512EAD4CE}.Debug|Any CPU.Build.0 = Debug|Any CPU
		{F6A15CC0-096E-26D1-EA5C-87C512EAD4CE}.Release|Any CPU.ActiveCfg = Release|Any CPU
		{F6A15CC0-096E-26D1-EA5C-87C512EAD4CE}.Release|Any CPU.Build.0 = Release|Any CPU
		{7D4346AC-DD53-1ACF-EFC6-B88F824BCC0A}.Debug|Any CPU.ActiveCfg = Debug|Any CPU
		{7D4346AC-DD53-1ACF-EFC6-B88F824BCC0A}.Debug|Any CPU.Build.0 = Debug|Any CPU
		{7D4346AC-DD53-1ACF-EFC6-B88F824BCC0A}.Release|Any CPU.ActiveCfg = Release|Any CPU
		{7D4346AC-DD53-1ACF-EFC6-B88F824BCC0A}.Release|Any CPU.Build.0 = Release|Any CPU
		{09B95F96-C4B6-FCD4-5C8E-ABAB7FD14FCB}.Debug|Any CPU.ActiveCfg = Debug|Any CPU
		{09B95F96-C4B6-FCD4-5C8E-ABAB7FD14FCB}.Debug|Any CPU.Build.0 = Debug|Any CPU
		{09B95F96-C4B6-FCD4-5C8E-ABAB7FD14FCB}.Release|Any CPU.ActiveCfg = Release|Any CPU
		{09B95F96-C4B6-FCD4-5C8E-ABAB7FD14FCB}.Release|Any CPU.Build.0 = Release|Any CPU
	EndGlobalSection
	GlobalSection(SolutionProperties) = preSolution
		HideSolutionNode = FALSE
	EndGlobalSection
							GlobalSection(MonoDevelopProperties) = preSolution
		StartupItem = Assembly-CSharp.csproj
		Policies = $0
		$0.TextStylePolicy = $1
		$1.inheritsSet = null
		$1.scope = text/x-csharp
		$0.CSharpFormattingPolicy = $2
		$2.inheritsSet = Mono
		$2.inheritsScope = text/x-csharp
		$2.scope = text/x-csharp
		$0.TextStylePolicy = $3
		$3.FileWidth = 120
		$3.TabWidth = 4
		$3.EolMarker = Unix
		$3.inheritsSet = Mono
		$3.inheritsScope = text/plain
		$3.scope = text/plain
	EndGlobalSection

EndGlobal
